// !$*UTF8*$!
{
	archiveVersion = 1;
	classes = {
	};
	objectVersion = 50;
	objects = {

/* Begin PBXBuildFile section */
		8DA688DE208ED17200D9F193 /* WeatherPic.swift in Sources */ = {isa = PBXBuildFile; fileRef = 8DA688DD208ED17200D9F193 /* WeatherPic.swift */; };
		8DA688E0208ED44000D9F193 /* GoogleService-Info.plist in Resources */ = {isa = PBXBuildFile; fileRef = 8DA688DF208ED43F00D9F193 /* GoogleService-Info.plist */; };
		8DB3D1C9209EC55E0047097F /* LoginViewController.swift in Sources */ = {isa = PBXBuildFile; fileRef = 8DB3D1C8209EC55E0047097F /* LoginViewController.swift */; };
		8DFA2EB1208106A8003483B4 /* AppDelegate.swift in Sources */ = {isa = PBXBuildFile; fileRef = 8DFA2EB0208106A8003483B4 /* AppDelegate.swift */; };
		8DFA2EBB208106A8003483B4 /* Main.storyboard in Resources */ = {isa = PBXBuildFile; fileRef = 8DFA2EB9208106A8003483B4 /* Main.storyboard */; };
		8DFA2EBD208106AB003483B4 /* Assets.xcassets in Resources */ = {isa = PBXBuildFile; fileRef = 8DFA2EBC208106AB003483B4 /* Assets.xcassets */; };
		8DFA2EC0208106AB003483B4 /* LaunchScreen.storyboard in Resources */ = {isa = PBXBuildFile; fileRef = 8DFA2EBE208106AB003483B4 /* LaunchScreen.storyboard */; };
		8DFA2EC8208108E0003483B4 /* WeatherPicsTableViewController.swift in Sources */ = {isa = PBXBuildFile; fileRef = 8DFA2EC7208108E0003483B4 /* WeatherPicsTableViewController.swift */; };
		8DFA2ECC2081809A003483B4 /* WeatherPicDetailViewController.swift in Sources */ = {isa = PBXBuildFile; fileRef = 8DFA2ECB2081809A003483B4 /* WeatherPicDetailViewController.swift */; };
		F400E966B96CF80A24C0E4A2 /* Pods_WeatherPics.framework in Frameworks */ = {isa = PBXBuildFile; fileRef = 74A23E1A498B8D098960768A /* Pods_WeatherPics.framework */; };
/* End PBXBuildFile section */

/* Begin PBXFileReference section */
		74A23E1A498B8D098960768A /* Pods_WeatherPics.framework */ = {isa = PBXFileReference; explicitFileType = wrapper.framework; includeInIndex = 0; path = Pods_WeatherPics.framework; sourceTree = BUILT_PRODUCTS_DIR; };
		8DA688DD208ED17200D9F193 /* WeatherPic.swift */ = {isa = PBXFileReference; lastKnownFileType = sourcecode.swift; path = WeatherPic.swift; sourceTree = "<group>"; };
		8DA688DF208ED43F00D9F193 /* GoogleService-Info.plist */ = {isa = PBXFileReference; fileEncoding = 4; lastKnownFileType = text.plist.xml; path = "GoogleService-Info.plist"; sourceTree = "<group>"; };
		8DB3D1C8209EC55E0047097F /* LoginViewController.swift */ = {isa = PBXFileReference; lastKnownFileType = sourcecode.swift; path = LoginViewController.swift; sourceTree = "<group>"; };
		8DFA2EAD208106A8003483B4 /* WeatherPics.app */ = {isa = PBXFileReference; explicitFileType = wrapper.application; includeInIndex = 0; path = WeatherPics.app; sourceTree = BUILT_PRODUCTS_DIR; };
		8DFA2EB0208106A8003483B4 /* AppDelegate.swift */ = {isa = PBXFileReference; lastKnownFileType = sourcecode.swift; path = AppDelegate.swift; sourceTree = "<group>"; };
		8DFA2EBA208106A8003483B4 /* Base */ = {isa = PBXFileReference; lastKnownFileType = file.storyboard; name = Base; path = Base.lproj/Main.storyboard; sourceTree = "<group>"; };
		8DFA2EBC208106AB003483B4 /* Assets.xcassets */ = {isa = PBXFileReference; lastKnownFileType = folder.assetcatalog; path = Assets.xcassets; sourceTree = "<group>"; };
		8DFA2EBF208106AB003483B4 /* Base */ = {isa = PBXFileReference; lastKnownFileType = file.storyboard; name = Base; path = Base.lproj/LaunchScreen.storyboard; sourceTree = "<group>"; };
		8DFA2EC1208106AB003483B4 /* Info.plist */ = {isa = PBXFileReference; lastKnownFileType = text.plist.xml; path = Info.plist; sourceTree = "<group>"; };
		8DFA2EC7208108E0003483B4 /* WeatherPicsTableViewController.swift */ = {isa = PBXFileReference; lastKnownFileType = sourcecode.swift; path = WeatherPicsTableViewController.swift; sourceTree = "<group>"; };
		8DFA2ECB2081809A003483B4 /* WeatherPicDetailViewController.swift */ = {isa = PBXFileReference; lastKnownFileType = sourcecode.swift; path = WeatherPicDetailViewController.swift; sourceTree = "<group>"; };
		AE57CF67FC02755BACA14A60 /* Pods-WeatherPics.debug.xcconfig */ = {isa = PBXFileReference; includeInIndex = 1; lastKnownFileType = text.xcconfig; name = "Pods-WeatherPics.debug.xcconfig"; path = "Pods/Target Support Files/Pods-WeatherPics/Pods-WeatherPics.debug.xcconfig"; sourceTree = "<group>"; };
		FD6E9416210E239A692018BB /* Pods-WeatherPics.release.xcconfig */ = {isa = PBXFileReference; includeInIndex = 1; lastKnownFileType = text.xcconfig; name = "Pods-WeatherPics.release.xcconfig"; path = "Pods/Target Support Files/Pods-WeatherPics/Pods-WeatherPics.release.xcconfig"; sourceTree = "<group>"; };
/* End PBXFileReference section */

/* Begin PBXFrameworksBuildPhase section */
		8DFA2EAA208106A8003483B4 /* Frameworks */ = {
			isa = PBXFrameworksBuildPhase;
			buildActionMask = 2147483647;
			files = (
				F400E966B96CF80A24C0E4A2 /* Pods_WeatherPics.framework in Frameworks */,
			);
			runOnlyForDeploymentPostprocessing = 0;
		};
/* End PBXFrameworksBuildPhase section */

/* Begin PBXGroup section */
		00C9C5E2E84711577BF9C968 /* Frameworks */ = {
			isa = PBXGroup;
			children = (
				74A23E1A498B8D098960768A /* Pods_WeatherPics.framework */,
			);
			name = Frameworks;
			sourceTree = "<group>";
		};
		8DFA2EA4208106A8003483B4 = {
			isa = PBXGroup;
			children = (
				8DFA2EAF208106A8003483B4 /* WeatherPics */,
				8DFA2EAE208106A8003483B4 /* Products */,
				E23EAACFEE7417BCCC94E12B /* Pods */,
				00C9C5E2E84711577BF9C968 /* Frameworks */,
			);
			sourceTree = "<group>";
		};
		8DFA2EAE208106A8003483B4 /* Products */ = {
			isa = PBXGroup;
			children = (
				8DFA2EAD208106A8003483B4 /* WeatherPics.app */,
			);
			name = Products;
			sourceTree = "<group>";
		};
		8DFA2EAF208106A8003483B4 /* WeatherPics */ = {
			isa = PBXGroup;
			children = (
				8DA688DF208ED43F00D9F193 /* GoogleService-Info.plist */,
				8DFA2EB0208106A8003483B4 /* AppDelegate.swift */,
				8DFA2EB9208106A8003483B4 /* Main.storyboard */,
				8DFA2EBC208106AB003483B4 /* Assets.xcassets */,
				8DFA2EBE208106AB003483B4 /* LaunchScreen.storyboard */,
				8DFA2EC1208106AB003483B4 /* Info.plist */,
				8DFA2EC7208108E0003483B4 /* WeatherPicsTableViewController.swift */,
				8DFA2ECB2081809A003483B4 /* WeatherPicDetailViewController.swift */,
				8DA688DD208ED17200D9F193 /* WeatherPic.swift */,
				8DB3D1C8209EC55E0047097F /* LoginViewController.swift */,
			);
			path = WeatherPics;
			sourceTree = "<group>";
		};
		E23EAACFEE7417BCCC94E12B /* Pods */ = {
			isa = PBXGroup;
			children = (
				AE57CF67FC02755BACA14A60 /* Pods-WeatherPics.debug.xcconfig */,
				FD6E9416210E239A692018BB /* Pods-WeatherPics.release.xcconfig */,
			);
			name = Pods;
			sourceTree = "<group>";
		};
/* End PBXGroup section */

/* Begin PBXNativeTarget section */
		8DFA2EAC208106A8003483B4 /* WeatherPics */ = {
			isa = PBXNativeTarget;
			buildConfigurationList = 8DFA2EC4208106AB003483B4 /* Build configuration list for PBXNativeTarget "WeatherPics" */;
			buildPhases = (
				6113010B554EEAD1F1605C01 /* [CP] Check Pods Manifest.lock */,
				8DFA2EA9208106A8003483B4 /* Sources */,
				8DFA2EAA208106A8003483B4 /* Frameworks */,
				8DFA2EAB208106A8003483B4 /* Resources */,
				B9C3DCC9C0856123D98B7D40 /* [CP] Embed Pods Frameworks */,
				EACB0972F13EFC327B54E1FC /* [CP] Copy Pods Resources */,
			);
			buildRules = (
			);
			dependencies = (
			);
			name = WeatherPics;
			productName = WeatherPics;
			productReference = 8DFA2EAD208106A8003483B4 /* WeatherPics.app */;
			productType = "com.apple.product-type.application";
		};
/* End PBXNativeTarget section */

/* Begin PBXProject section */
		8DFA2EA5208106A8003483B4 /* Project object */ = {
			isa = PBXProject;
			attributes = {
				LastSwiftUpdateCheck = 0930;
				LastUpgradeCheck = 0930;
				ORGANIZATIONNAME = "Kiana Caston";
				TargetAttributes = {
					8DFA2EAC208106A8003483B4 = {
						CreatedOnToolsVersion = 9.3;
					};
				};
			};
			buildConfigurationList = 8DFA2EA8208106A8003483B4 /* Build configuration list for PBXProject "WeatherPics" */;
			compatibilityVersion = "Xcode 9.3";
			developmentRegion = en;
			hasScannedForEncodings = 0;
			knownRegions = (
				en,
				Base,
			);
			mainGroup = 8DFA2EA4208106A8003483B4;
			productRefGroup = 8DFA2EAE208106A8003483B4 /* Products */;
			projectDirPath = "";
			projectRoot = "";
			targets = (
				8DFA2EAC208106A8003483B4 /* WeatherPics */,
			);
		};
/* End PBXProject section */

/* Begin PBXResourcesBuildPhase section */
		8DFA2EAB208106A8003483B4 /* Resources */ = {
			isa = PBXResourcesBuildPhase;
			buildActionMask = 2147483647;
			files = (
				8DFA2EC0208106AB003483B4 /* LaunchScreen.storyboard in Resources */,
				8DA688E0208ED44000D9F193 /* GoogleService-Info.plist in Resources */,
				8DFA2EBD208106AB003483B4 /* Assets.xcassets in Resources */,
				8DFA2EBB208106A8003483B4 /* Main.storyboard in Resources */,
			);
			runOnlyForDeploymentPostprocessing = 0;
		};
/* End PBXResourcesBuildPhase section */

/* Begin PBXShellScriptBuildPhase section */
		6113010B554EEAD1F1605C01 /* [CP] Check Pods Manifest.lock */ = {
			isa = PBXShellScriptBuildPhase;
			buildActionMask = 2147483647;
			files = (
			);
			inputPaths = (
				"${PODS_PODFILE_DIR_PATH}/Podfile.lock",
				"${PODS_ROOT}/Manifest.lock",
			);
			name = "[CP] Check Pods Manifest.lock";
			outputPaths = (
				"$(DERIVED_FILE_DIR)/Pods-WeatherPics-checkManifestLockResult.txt",
			);
			runOnlyForDeploymentPostprocessing = 0;
			shellPath = /bin/sh;
			shellScript = "diff \"${PODS_PODFILE_DIR_PATH}/Podfile.lock\" \"${PODS_ROOT}/Manifest.lock\" > /dev/null\nif [ $? != 0 ] ; then\n    # print error to STDERR\n    echo \"error: The sandbox is not in sync with the Podfile.lock. Run 'pod install' or update your CocoaPods installation.\" >&2\n    exit 1\nfi\n# This output is used by Xcode 'outputs' to avoid re-running this script phase.\necho \"SUCCESS\" > \"${SCRIPT_OUTPUT_FILE_0}\"\n";
			showEnvVarsInLog = 0;
		};
		B9C3DCC9C0856123D98B7D40 /* [CP] Embed Pods Frameworks */ = {
			isa = PBXShellScriptBuildPhase;
			buildActionMask = 2147483647;
			files = (
			);
			inputPaths = (
				"${SRCROOT}/Pods/Target Support Files/Pods-WeatherPics/Pods-WeatherPics-frameworks.sh",
				"${BUILT_PRODUCTS_DIR}/BoringSSL/openssl.framework",
				"${BUILT_PRODUCTS_DIR}/FoldingCell/FoldingCell.framework",
				"${BUILT_PRODUCTS_DIR}/GTMOAuth2/GTMOAuth2.framework",
				"${BUILT_PRODUCTS_DIR}/GTMSessionFetcher/GTMSessionFetcher.framework",
				"${BUILT_PRODUCTS_DIR}/GoogleToolboxForMac/GoogleToolboxForMac.framework",
				"${BUILT_PRODUCTS_DIR}/Material/Material.framework",
				"${BUILT_PRODUCTS_DIR}/Motion/Motion.framework",
				"${BUILT_PRODUCTS_DIR}/Protobuf/Protobuf.framework",
				"${BUILT_PRODUCTS_DIR}/Rosefire/Rosefire.framework",
				"${BUILT_PRODUCTS_DIR}/gRPC/GRPCClient.framework",
				"${BUILT_PRODUCTS_DIR}/gRPC-Core/grpc.framework",
				"${BUILT_PRODUCTS_DIR}/gRPC-ProtoRPC/ProtoRPC.framework",
				"${BUILT_PRODUCTS_DIR}/gRPC-RxLibrary/RxLibrary.framework",
				"${BUILT_PRODUCTS_DIR}/leveldb-library/leveldb.framework",
				"${BUILT_PRODUCTS_DIR}/nanopb/nanopb.framework",
			);
			name = "[CP] Embed Pods Frameworks";
			outputPaths = (
				"${TARGET_BUILD_DIR}/${FRAMEWORKS_FOLDER_PATH}/openssl.framework",
				"${TARGET_BUILD_DIR}/${FRAMEWORKS_FOLDER_PATH}/FoldingCell.framework",
				"${TARGET_BUILD_DIR}/${FRAMEWORKS_FOLDER_PATH}/GTMOAuth2.framework",
				"${TARGET_BUILD_DIR}/${FRAMEWORKS_FOLDER_PATH}/GTMSessionFetcher.framework",
				"${TARGET_BUILD_DIR}/${FRAMEWORKS_FOLDER_PATH}/GoogleToolboxForMac.framework",
				"${TARGET_BUILD_DIR}/${FRAMEWORKS_FOLDER_PATH}/Material.framework",
				"${TARGET_BUILD_DIR}/${FRAMEWORKS_FOLDER_PATH}/Motion.framework",
				"${TARGET_BUILD_DIR}/${FRAMEWORKS_FOLDER_PATH}/Protobuf.framework",
				"${TARGET_BUILD_DIR}/${FRAMEWORKS_FOLDER_PATH}/Rosefire.framework",
				"${TARGET_BUILD_DIR}/${FRAMEWORKS_FOLDER_PATH}/GRPCClient.framework",
				"${TARGET_BUILD_DIR}/${FRAMEWORKS_FOLDER_PATH}/grpc.framework",
				"${TARGET_BUILD_DIR}/${FRAMEWORKS_FOLDER_PATH}/ProtoRPC.framework",
				"${TARGET_BUILD_DIR}/${FRAMEWORKS_FOLDER_PATH}/RxLibrary.framework",
				"${TARGET_BUILD_DIR}/${FRAMEWORKS_FOLDER_PATH}/leveldb.framework",
				"${TARGET_BUILD_DIR}/${FRAMEWORKS_FOLDER_PATH}/nanopb.framework",
			);
			runOnlyForDeploymentPostprocessing = 0;
			shellPath = /bin/sh;
			shellScript = "\"${SRCROOT}/Pods/Target Support Files/Pods-WeatherPics/Pods-WeatherPics-frameworks.sh\"\n";
			showEnvVarsInLog = 0;
		};
		EACB0972F13EFC327B54E1FC /* [CP] Copy Pods Resources */ = {
			isa = PBXShellScriptBuildPhase;
			buildActionMask = 2147483647;
			files = (
			);
			inputPaths = (
				"${SRCROOT}/Pods/Target Support Files/Pods-WeatherPics/Pods-WeatherPics-resources.sh",
				"${PODS_ROOT}/GoogleSignIn/Resources/GoogleSignIn.bundle",
			);
			name = "[CP] Copy Pods Resources";
			outputPaths = (
				"${TARGET_BUILD_DIR}/${UNLOCALIZED_RESOURCES_FOLDER_PATH}/GoogleSignIn.bundle",
			);
			runOnlyForDeploymentPostprocessing = 0;
			shellPath = /bin/sh;
			shellScript = "\"${SRCROOT}/Pods/Target Support Files/Pods-WeatherPics/Pods-WeatherPics-resources.sh\"\n";
			showEnvVarsInLog = 0;
		};
/* End PBXShellScriptBuildPhase section */

/* Begin PBXSourcesBuildPhase section */
		8DFA2EA9208106A8003483B4 /* Sources */ = {
			isa = PBXSourcesBuildPhase;
			buildActionMask = 2147483647;
			files = (
				8DFA2EB1208106A8003483B4 /* AppDelegate.swift in Sources */,
				8DFA2ECC2081809A003483B4 /* WeatherPicDetailViewController.swift in Sources */,
				8DFA2EC8208108E0003483B4 /* WeatherPicsTableViewController.swift in Sources */,
				8DB3D1C9209EC55E0047097F /* LoginViewController.swift in Sources */,
				8DA688DE208ED17200D9F193 /* WeatherPic.swift in Sources */,
			);
			runOnlyForDeploymentPostprocessing = 0;
		};
/* End PBXSourcesBuildPhase section */

/* Begin PBXVariantGroup section */
		8DFA2EB9208106A8003483B4 /* Main.storyboard */ = {
			isa = PBXVariantGroup;
			children = (
				8DFA2EBA208106A8003483B4 /* Base */,
			);
			name = Main.storyboard;
			sourceTree = "<group>";
		};
		8DFA2EBE208106AB003483B4 /* LaunchScreen.storyboard */ = {
			isa = PBXVariantGroup;
			children = (
				8DFA2EBF208106AB003483B4 /* Base */,
			);
			name = LaunchScreen.storyboard;
			sourceTree = "<group>";
		};
/* End PBXVariantGroup section */

/* Begin XCBuildConfiguration section */
		8DFA2EC2208106AB003483B4 /* Debug */ = {
			isa = XCBuildConfiguration;
			buildSettings = {
				ALWAYS_SEARCH_USER_PATHS = NO;
				CLANG_ANALYZER_NONNULL = YES;
				CLANG_ANALYZER_NUMBER_OBJECT_CONVERSION = YES_AGGRESSIVE;
				CLANG_CXX_LANGUAGE_STANDARD = "gnu++14";
				CLANG_CXX_LIBRARY = "libc++";
				CLANG_ENABLE_MODULES = YES;
				CLANG_ENABLE_OBJC_ARC = YES;
				CLANG_ENABLE_OBJC_WEAK = YES;
				CLANG_WARN_BLOCK_CAPTURE_AUTORELEASING = YES;
				CLANG_WARN_BOOL_CONVERSION = YES;
				CLANG_WARN_COMMA = YES;
				CLANG_WARN_CONSTANT_CONVERSION = YES;
				CLANG_WARN_DEPRECATED_OBJC_IMPLEMENTATIONS = YES;
				CLANG_WARN_DIRECT_OBJC_ISA_USAGE = YES_ERROR;
				CLANG_WARN_DOCUMENTATION_COMMENTS = YES;
				CLANG_WARN_EMPTY_BODY = YES;
				CLANG_WARN_ENUM_CONVERSION = YES;
				CLANG_WARN_INFINITE_RECURSION = YES;
				CLANG_WARN_INT_CONVERSION = YES;
				CLANG_WARN_NON_LITERAL_NULL_CONVERSION = YES;
				CLANG_WARN_OBJC_IMPLICIT_RETAIN_SELF = YES;
				CLANG_WARN_OBJC_LITERAL_CONVERSION = YES;
				CLANG_WARN_OBJC_ROOT_CLASS = YES_ERROR;
				CLANG_WARN_RANGE_LOOP_ANALYSIS = YES;
				CLANG_WARN_STRICT_PROTOTYPES = YES;
				CLANG_WARN_SUSPICIOUS_MOVE = YES;
				CLANG_WARN_UNGUARDED_AVAILABILITY = YES_AGGRESSIVE;
				CLANG_WARN_UNREACHABLE_CODE = YES;
				CLANG_WARN__DUPLICATE_METHOD_MATCH = YES;
				CODE_SIGN_IDENTITY = "iPhone Developer";
				COPY_PHASE_STRIP = NO;
				DEBUG_INFORMATION_FORMAT = dwarf;
				ENABLE_STRICT_OBJC_MSGSEND = YES;
				ENABLE_TESTABILITY = YES;
				GCC_C_LANGUAGE_STANDARD = gnu11;
				GCC_DYNAMIC_NO_PIC = NO;
				GCC_NO_COMMON_BLOCKS = YES;
				GCC_OPTIMIZATION_LEVEL = 0;
				GCC_PREPROCESSOR_DEFINITIONS = (
					"DEBUG=1",
					"$(inherited)",
				);
				GCC_WARN_64_TO_32_BIT_CONVERSION = YES;
				GCC_WARN_ABOUT_RETURN_TYPE = YES_ERROR;
				GCC_WARN_UNDECLARED_SELECTOR = YES;
				GCC_WARN_UNINITIALIZED_AUTOS = YES_AGGRESSIVE;
				GCC_WARN_UNUSED_FUNCTION = YES;
				GCC_WARN_UNUSED_VARIABLE = YES;
				IPHONEOS_DEPLOYMENT_TARGET = 11.3;
				MTL_ENABLE_DEBUG_INFO = YES;
				ONLY_ACTIVE_ARCH = YES;
				SDKROOT = iphoneos;
				SWIFT_ACTIVE_COMPILATION_CONDITIONS = DEBUG;
				SWIFT_OPTIMIZATION_LEVEL = "-Onone";
			};
			name = Debug;
		};
		8DFA2EC3208106AB003483B4 /* Release */ = {
			isa = XCBuildConfiguration;
			buildSettings = {
				ALWAYS_SEARCH_USER_PATHS = NO;
				CLANG_ANALYZER_NONNULL = YES;
				CLANG_ANALYZER_NUMBER_OBJECT_CONVERSION = YES_AGGRESSIVE;
				CLANG_CXX_LANGUAGE_STANDARD = "gnu++14";
				CLANG_CXX_LIBRARY = "libc++";
				CLANG_ENABLE_MODULES = YES;
				CLANG_ENABLE_OBJC_ARC = YES;
				CLANG_ENABLE_OBJC_WEAK = YES;
				CLANG_WARN_BLOCK_CAPTURE_AUTORELEASING = YES;
				CLANG_WARN_BOOL_CONVERSION = YES;
				CLANG_WARN_COMMA = YES;
				CLANG_WARN_CONSTANT_CONVERSION = YES;
				CLANG_WARN_DEPRECATED_OBJC_IMPLEMENTATIONS = YES;
				CLANG_WARN_DIRECT_OBJC_ISA_USAGE = YES_ERROR;
				CLANG_WARN_DOCUMENTATION_COMMENTS = YES;
				CLANG_WARN_EMPTY_BODY = YES;
				CLANG_WARN_ENUM_CONVERSION = YES;
				CLANG_WARN_INFINITE_RECURSION = YES;
				CLANG_WARN_INT_CONVERSION = YES;
				CLANG_WARN_NON_LITERAL_NULL_CONVERSION = YES;
				CLANG_WARN_OBJC_IMPLICIT_RETAIN_SELF = YES;
				CLANG_WARN_OBJC_LITERAL_CONVERSION = YES;
				CLANG_WARN_OBJC_ROOT_CLASS = YES_ERROR;
				CLANG_WARN_RANGE_LOOP_ANALYSIS = YES;
				CLANG_WARN_STRICT_PROTOTYPES = YES;
				CLANG_WARN_SUSPICIOUS_MOVE = YES;
				CLANG_WARN_UNGUARDED_AVAILABILITY = YES_AGGRESSIVE;
				CLANG_WARN_UNREACHABLE_CODE = YES;
				CLANG_WARN__DUPLICATE_METHOD_MATCH = YES;
				CODE_SIGN_IDENTITY = "iPhone Developer";
				COPY_PHASE_STRIP = NO;
				DEBUG_INFORMATION_FORMAT = "dwarf-with-dsym";
				ENABLE_NS_ASSERTIONS = NO;
				ENABLE_STRICT_OBJC_MSGSEND = YES;
				GCC_C_LANGUAGE_STANDARD = gnu11;
				GCC_NO_COMMON_BLOCKS = YES;
				GCC_WARN_64_TO_32_BIT_CONVERSION = YES;
				GCC_WARN_ABOUT_RETURN_TYPE = YES_ERROR;
				GCC_WARN_UNDECLARED_SELECTOR = YES;
				GCC_WARN_UNINITIALIZED_AUTOS = YES_AGGRESSIVE;
				GCC_WARN_UNUSED_FUNCTION = YES;
				GCC_WARN_UNUSED_VARIABLE = YES;
				IPHONEOS_DEPLOYMENT_TARGET = 11.3;
				MTL_ENABLE_DEBUG_INFO = NO;
				SDKROOT = iphoneos;
				SWIFT_COMPILATION_MODE = wholemodule;
				SWIFT_OPTIMIZATION_LEVEL = "-O";
				VALIDATE_PRODUCT = YES;
			};
			name = Release;
		};
		8DFA2EC5208106AB003483B4 /* Debug */ = {
			isa = XCBuildConfiguration;
			baseConfigurationReference = AE57CF67FC02755BACA14A60 /* Pods-WeatherPics.debug.xcconfig */;
			buildSettings = {
				ASSETCATALOG_COMPILER_APPICON_NAME = AppIcon;
				CODE_SIGN_STYLE = Automatic;
				INFOPLIST_FILE = WeatherPics/Info.plist;
				LD_RUNPATH_SEARCH_PATHS = (
					"$(inherited)",
					"@executable_path/Frameworks",
				);
				PRODUCT_BUNDLE_IDENTIFIER = edu.rosehulman.castonkr.WeatherPics;
				PRODUCT_NAME = "$(TARGET_NAME)";
				SWIFT_VERSION = 4.0;
				TARGETED_DEVICE_FAMILY = "1,2";
			};
			name = Debug;
		};
		8DFA2EC6208106AB003483B4 /* Release */ = {
			isa = XCBuildConfiguration;
			baseConfigurationReference = FD6E9416210E239A692018BB /* Pods-WeatherPics.release.xcconfig */;
			buildSettings = {
				ASSETCATALOG_COMPILER_APPICON_NAME = AppIcon;
				CODE_SIGN_STYLE = Automatic;
				INFOPLIST_FILE = WeatherPics/Info.plist;
				LD_RUNPATH_SEARCH_PATHS = (
					"$(inherited)",
					"@executable_path/Frameworks",
				);
				PRODUCT_BUNDLE_IDENTIFIER = edu.rosehulman.castonkr.WeatherPics;
				PRODUCT_NAME = "$(TARGET_NAME)";
				SWIFT_VERSION = 4.0;
				TARGETED_DEVICE_FAMILY = "1,2";
			};
			name = Release;
		};
/* End XCBuildConfiguration section */

/* Begin XCConfigurationList section */
		8DFA2EA8208106A8003483B4 /* Build configuration list for PBXProject "WeatherPics" */ = {
			isa = XCConfigurationList;
			buildConfigurations = (
				8DFA2EC2208106AB003483B4 /* Debug */,
				8DFA2EC3208106AB003483B4 /* Release */,
			);
			defaultConfigurationIsVisible = 0;
			defaultConfigurationName = Release;
		};
		8DFA2EC4208106AB003483B4 /* Build configuration list for PBXNativeTarget "WeatherPics" */ = {
			isa = XCConfigurationList;
			buildConfigurations = (
				8DFA2EC5208106AB003483B4 /* Debug */,
				8DFA2EC6208106AB003483B4 /* Release */,
			);
			defaultConfigurationIsVisible = 0;
			defaultConfigurationName = Release;
		};
/* End XCConfigurationList section */
	};
	rootObject = 8DFA2EA5208106A8003483B4 /* Project object */;
}
