// !$*UTF8*$!
{
	archiveVersion = 1;
	classes = {
	};
	objectVersion = 50;
	objects = {

/* Begin PBXBuildFile section */
		8DFA2EB1208106A8003483B4 /* AppDelegate.swift in Sources */ = {isa = PBXBuildFile; fileRef = 8DFA2EB0208106A8003483B4 /* AppDelegate.swift */; };
		8DFA2EB4208106A8003483B4 /* WeatherPics.xcdatamodeld in Sources */ = {isa = PBXBuildFile; fileRef = 8DFA2EB2208106A8003483B4 /* WeatherPics.xcdatamodeld */; };
		8DFA2EB6208106A8003483B4 /* MasterViewController.swift in Sources */ = {isa = PBXBuildFile; fileRef = 8DFA2EB5208106A8003483B4 /* MasterViewController.swift */; };
		8DFA2EB8208106A8003483B4 /* DetailViewController.swift in Sources */ = {isa = PBXBuildFile; fileRef = 8DFA2EB7208106A8003483B4 /* DetailViewController.swift */; };
		8DFA2EBB208106A8003483B4 /* Main.storyboard in Resources */ = {isa = PBXBuildFile; fileRef = 8DFA2EB9208106A8003483B4 /* Main.storyboard */; };
		8DFA2EBD208106AB003483B4 /* Assets.xcassets in Resources */ = {isa = PBXBuildFile; fileRef = 8DFA2EBC208106AB003483B4 /* Assets.xcassets */; };
		8DFA2EC0208106AB003483B4 /* LaunchScreen.storyboard in Resources */ = {isa = PBXBuildFile; fileRef = 8DFA2EBE208106AB003483B4 /* LaunchScreen.storyboard */; };
/* End PBXBuildFile section */

/* Begin PBXFileReference section */
		8DFA2EAD208106A8003483B4 /* WeatherPics.app */ = {isa = PBXFileReference; explicitFileType = wrapper.application; includeInIndex = 0; path = WeatherPics.app; sourceTree = BUILT_PRODUCTS_DIR; };
		8DFA2EB0208106A8003483B4 /* AppDelegate.swift */ = {isa = PBXFileReference; lastKnownFileType = sourcecode.swift; path = AppDelegate.swift; sourceTree = "<group>"; };
		8DFA2EB3208106A8003483B4 /* WeatherPics.xcdatamodel */ = {isa = PBXFileReference; lastKnownFileType = wrapper.xcdatamodel; path = WeatherPics.xcdatamodel; sourceTree = "<group>"; };
		8DFA2EB5208106A8003483B4 /* MasterViewController.swift */ = {isa = PBXFileReference; lastKnownFileType = sourcecode.swift; path = MasterViewController.swift; sourceTree = "<group>"; };
		8DFA2EB7208106A8003483B4 /* DetailViewController.swift */ = {isa = PBXFileReference; lastKnownFileType = sourcecode.swift; path = DetailViewController.swift; sourceTree = "<group>"; };
		8DFA2EBA208106A8003483B4 /* Base */ = {isa = PBXFileReference; lastKnownFileType = file.storyboard; name = Base; path = Base.lproj/Main.storyboard; sourceTree = "<group>"; };
		8DFA2EBC208106AB003483B4 /* Assets.xcassets */ = {isa = PBXFileReference; lastKnownFileType = folder.assetcatalog; path = Assets.xcassets; sourceTree = "<group>"; };
		8DFA2EBF208106AB003483B4 /* Base */ = {isa = PBXFileReference; lastKnownFileType = file.storyboard; name = Base; path = Base.lproj/LaunchScreen.storyboard; sourceTree = "<group>"; };
		8DFA2EC1208106AB003483B4 /* Info.plist */ = {isa = PBXFileReference; lastKnownFileType = text.plist.xml; path = Info.plist; sourceTree = "<group>"; };
/* End PBXFileReference section */

/* Begin PBXFrameworksBuildPhase section */
		8DFA2EAA208106A8003483B4 /* Frameworks */ = {
			isa = PBXFrameworksBuildPhase;
			buildActionMask = 2147483647;
			files = (
			);
			runOnlyForDeploymentPostprocessing = 0;
		};
/* End PBXFrameworksBuildPhase section */

/* Begin PBXGroup section */
		8DFA2EA4208106A8003483B4 = {
			isa = PBXGroup;
			children = (
				8DFA2EAF208106A8003483B4 /* WeatherPics */,
				8DFA2EAE208106A8003483B4 /* Products */,
			);
			sourceTree = "<group>";
		};
		8DFA2EAE208106A8003483B4 /* Products */ = {
			isa = PBXGroup;
			children = (
				8DFA2EAD208106A8003483B4 /* WeatherPics.app */,
			);
			name = Products;
			sourceTree = "<group>";
		};
		8DFA2EAF208106A8003483B4 /* WeatherPics */ = {
			isa = PBXGroup;
			children = (
				8DFA2EB0208106A8003483B4 /* AppDelegate.swift */,
				8DFA2EB5208106A8003483B4 /* MasterViewController.swift */,
				8DFA2EB7208106A8003483B4 /* DetailViewController.swift */,
				8DFA2EB9208106A8003483B4 /* Main.storyboard */,
				8DFA2EBC208106AB003483B4 /* Assets.xcassets */,
				8DFA2EBE208106AB003483B4 /* LaunchScreen.storyboard */,
				8DFA2EC1208106AB003483B4 /* Info.plist */,
				8DFA2EB2208106A8003483B4 /* WeatherPics.xcdatamodeld */,
			);
			path = WeatherPics;
			sourceTree = "<group>";
		};
/* End PBXGroup section */

/* Begin PBXNativeTarget section */
		8DFA2EAC208106A8003483B4 /* WeatherPics */ = {
			isa = PBXNativeTarget;
			buildConfigurationList = 8DFA2EC4208106AB003483B4 /* Build configuration list for PBXNativeTarget "WeatherPics" */;
			buildPhases = (
				8DFA2EA9208106A8003483B4 /* Sources */,
				8DFA2EAA208106A8003483B4 /* Frameworks */,
				8DFA2EAB208106A8003483B4 /* Resources */,
			);
			buildRules = (
			);
			dependencies = (
			);
			name = WeatherPics;
			productName = WeatherPics;
			productReference = 8DFA2EAD208106A8003483B4 /* WeatherPics.app */;
			productType = "com.apple.product-type.application";
		};
/* End PBXNativeTarget section */

/* Begin PBXProject section */
		8DFA2EA5208106A8003483B4 /* Project object */ = {
			isa = PBXProject;
			attributes = {
				LastSwiftUpdateCheck = 0930;
				LastUpgradeCheck = 0930;
				ORGANIZATIONNAME = "Kiana Caston";
				TargetAttributes = {
					8DFA2EAC208106A8003483B4 = {
						CreatedOnToolsVersion = 9.3;
					};
				};
			};
			buildConfigurationList = 8DFA2EA8208106A8003483B4 /* Build configuration list for PBXProject "WeatherPics" */;
			compatibilityVersion = "Xcode 9.3";
			developmentRegion = en;
			hasScannedForEncodings = 0;
			knownRegions = (
				en,
				Base,
			);
			mainGroup = 8DFA2EA4208106A8003483B4;
			productRefGroup = 8DFA2EAE208106A8003483B4 /* Products */;
			projectDirPath = "";
			projectRoot = "";
			targets = (
				8DFA2EAC208106A8003483B4 /* WeatherPics */,
			);
		};
/* End PBXProject section */

/* Begin PBXResourcesBuildPhase section */
		8DFA2EAB208106A8003483B4 /* Resources */ = {
			isa = PBXResourcesBuildPhase;
			buildActionMask = 2147483647;
			files = (
				8DFA2EC0208106AB003483B4 /* LaunchScreen.storyboard in Resources */,
				8DFA2EBD208106AB003483B4 /* Assets.xcassets in Resources */,
				8DFA2EBB208106A8003483B4 /* Main.storyboard in Resources */,
			);
			runOnlyForDeploymentPostprocessing = 0;
		};
/* End PBXResourcesBuildPhase section */

/* Begin PBXSourcesBuildPhase section */
		8DFA2EA9208106A8003483B4 /* Sources */ = {
			isa = PBXSourcesBuildPhase;
			buildActionMask = 2147483647;
			files = (
				8DFA2EB1208106A8003483B4 /* AppDelegate.swift in Sources */,
				8DFA2EB4208106A8003483B4 /* WeatherPics.xcdatamodeld in Sources */,
				8DFA2EB6208106A8003483B4 /* MasterViewController.swift in Sources */,
				8DFA2EB8208106A8003483B4 /* DetailViewController.swift in Sources */,
			);
			runOnlyForDeploymentPostprocessing = 0;
		};
/* End PBXSourcesBuildPhase section */

/* Begin PBXVariantGroup section */
		8DFA2EB9208106A8003483B4 /* Main.storyboard */ = {
			isa = PBXVariantGroup;
			children = (
				8DFA2EBA208106A8003483B4 /* Base */,
			);
			name = Main.storyboard;
			sourceTree = "<group>";
		};
		8DFA2EBE208106AB003483B4 /* LaunchScreen.storyboard */ = {
			isa = PBXVariantGroup;
			children = (
				8DFA2EBF208106AB003483B4 /* Base */,
			);
			name = LaunchScreen.storyboard;
			sourceTree = "<group>";
		};
/* End PBXVariantGroup section */

/* Begin XCBuildConfiguration section */
		8DFA2EC2208106AB003483B4 /* Debug */ = {
			isa = XCBuildConfiguration;
			buildSettings = {
				ALWAYS_SEARCH_USER_PATHS = NO;
				CLANG_ANALYZER_NONNULL = YES;
				CLANG_ANALYZER_NUMBER_OBJECT_CONVERSION = YES_AGGRESSIVE;
				CLANG_CXX_LANGUAGE_STANDARD = "gnu++14";
				CLANG_CXX_LIBRARY = "libc++";
				CLANG_ENABLE_MODULES = YES;
				CLANG_ENABLE_OBJC_ARC = YES;
				CLANG_ENABLE_OBJC_WEAK = YES;
				CLANG_WARN_BLOCK_CAPTURE_AUTORELEASING = YES;
				CLANG_WARN_BOOL_CONVERSION = YES;
				CLANG_WARN_COMMA = YES;
				CLANG_WARN_CONSTANT_CONVERSION = YES;
				CLANG_WARN_DEPRECATED_OBJC_IMPLEMENTATIONS = YES;
				CLANG_WARN_DIRECT_OBJC_ISA_USAGE = YES_ERROR;
				CLANG_WARN_DOCUMENTATION_COMMENTS = YES;
				CLANG_WARN_EMPTY_BODY = YES;
				CLANG_WARN_ENUM_CONVERSION = YES;
				CLANG_WARN_INFINITE_RECURSION = YES;
				CLANG_WARN_INT_CONVERSION = YES;
				CLANG_WARN_NON_LITERAL_NULL_CONVERSION = YES;
				CLANG_WARN_OBJC_IMPLICIT_RETAIN_SELF = YES;
				CLANG_WARN_OBJC_LITERAL_CONVERSION = YES;
				CLANG_WARN_OBJC_ROOT_CLASS = YES_ERROR;
				CLANG_WARN_RANGE_LOOP_ANALYSIS = YES;
				CLANG_WARN_STRICT_PROTOTYPES = YES;
				CLANG_WARN_SUSPICIOUS_MOVE = YES;
				CLANG_WARN_UNGUARDED_AVAILABILITY = YES_AGGRESSIVE;
				CLANG_WARN_UNREACHABLE_CODE = YES;
				CLANG_WARN__DUPLICATE_METHOD_MATCH = YES;
				CODE_SIGN_IDENTITY = "iPhone Developer";
				COPY_PHASE_STRIP = NO;
				DEBUG_INFORMATION_FORMAT = dwarf;
				ENABLE_STRICT_OBJC_MSGSEND = YES;
				ENABLE_TESTABILITY = YES;
				GCC_C_LANGUAGE_STANDARD = gnu11;
				GCC_DYNAMIC_NO_PIC = NO;
				GCC_NO_COMMON_BLOCKS = YES;
				GCC_OPTIMIZATION_LEVEL = 0;
				GCC_PREPROCESSOR_DEFINITIONS = (
					"DEBUG=1",
					"$(inherited)",
				);
				GCC_WARN_64_TO_32_BIT_CONVERSION = YES;
				GCC_WARN_ABOUT_RETURN_TYPE = YES_ERROR;
				GCC_WARN_UNDECLARED_SELECTOR = YES;
				GCC_WARN_UNINITIALIZED_AUTOS = YES_AGGRESSIVE;
				GCC_WARN_UNUSED_FUNCTION = YES;
				GCC_WARN_UNUSED_VARIABLE = YES;
				IPHONEOS_DEPLOYMENT_TARGET = 11.3;
				MTL_ENABLE_DEBUG_INFO = YES;
				ONLY_ACTIVE_ARCH = YES;
				SDKROOT = iphoneos;
				SWIFT_ACTIVE_COMPILATION_CONDITIONS = DEBUG;
				SWIFT_OPTIMIZATION_LEVEL = "-Onone";
			};
			name = Debug;
		};
		8DFA2EC3208106AB003483B4 /* Release */ = {
			isa = XCBuildConfiguration;
			buildSettings = {
				ALWAYS_SEARCH_USER_PATHS = NO;
				CLANG_ANALYZER_NONNULL = YES;
				CLANG_ANALYZER_NUMBER_OBJECT_CONVERSION = YES_AGGRESSIVE;
				CLANG_CXX_LANGUAGE_STANDARD = "gnu++14";
				CLANG_CXX_LIBRARY = "libc++";
				CLANG_ENABLE_MODULES = YES;
				CLANG_ENABLE_OBJC_ARC = YES;
				CLANG_ENABLE_OBJC_WEAK = YES;
				CLANG_WARN_BLOCK_CAPTURE_AUTORELEASING = YES;
				CLANG_WARN_BOOL_CONVERSION = YES;
				CLANG_WARN_COMMA = YES;
				CLANG_WARN_CONSTANT_CONVERSION = YES;
				CLANG_WARN_DEPRECATED_OBJC_IMPLEMENTATIONS = YES;
				CLANG_WARN_DIRECT_OBJC_ISA_USAGE = YES_ERROR;
				CLANG_WARN_DOCUMENTATION_COMMENTS = YES;
				CLANG_WARN_EMPTY_BODY = YES;
				CLANG_WARN_ENUM_CONVERSION = YES;
				CLANG_WARN_INFINITE_RECURSION = YES;
				CLANG_WARN_INT_CONVERSION = YES;
				CLANG_WARN_NON_LITERAL_NULL_CONVERSION = YES;
				CLANG_WARN_OBJC_IMPLICIT_RETAIN_SELF = YES;
				CLANG_WARN_OBJC_LITERAL_CONVERSION = YES;
				CLANG_WARN_OBJC_ROOT_CLASS = YES_ERROR;
				CLANG_WARN_RANGE_LOOP_ANALYSIS = YES;
				CLANG_WARN_STRICT_PROTOTYPES = YES;
				CLANG_WARN_SUSPICIOUS_MOVE = YES;
				CLANG_WARN_UNGUARDED_AVAILABILITY = YES_AGGRESSIVE;
				CLANG_WARN_UNREACHABLE_CODE = YES;
				CLANG_WARN__DUPLICATE_METHOD_MATCH = YES;
				CODE_SIGN_IDENTITY = "iPhone Developer";
				COPY_PHASE_STRIP = NO;
				DEBUG_INFORMATION_FORMAT = "dwarf-with-dsym";
				ENABLE_NS_ASSERTIONS = NO;
				ENABLE_STRICT_OBJC_MSGSEND = YES;
				GCC_C_LANGUAGE_STANDARD = gnu11;
				GCC_NO_COMMON_BLOCKS = YES;
				GCC_WARN_64_TO_32_BIT_CONVERSION = YES;
				GCC_WARN_ABOUT_RETURN_TYPE = YES_ERROR;
				GCC_WARN_UNDECLARED_SELECTOR = YES;
				GCC_WARN_UNINITIALIZED_AUTOS = YES_AGGRESSIVE;
				GCC_WARN_UNUSED_FUNCTION = YES;
				GCC_WARN_UNUSED_VARIABLE = YES;
				IPHONEOS_DEPLOYMENT_TARGET = 11.3;
				MTL_ENABLE_DEBUG_INFO = NO;
				SDKROOT = iphoneos;
				SWIFT_COMPILATION_MODE = wholemodule;
				SWIFT_OPTIMIZATION_LEVEL = "-O";
				VALIDATE_PRODUCT = YES;
			};
			name = Release;
		};
		8DFA2EC5208106AB003483B4 /* Debug */ = {
			isa = XCBuildConfiguration;
			buildSettings = {
				ASSETCATALOG_COMPILER_APPICON_NAME = AppIcon;
				CODE_SIGN_STYLE = Automatic;
				INFOPLIST_FILE = WeatherPics/Info.plist;
				LD_RUNPATH_SEARCH_PATHS = (
					"$(inherited)",
					"@executable_path/Frameworks",
				);
				PRODUCT_BUNDLE_IDENTIFIER = edu.rosehulman.castonkr.WeatherPics;
				PRODUCT_NAME = "$(TARGET_NAME)";
				SWIFT_VERSION = 4.0;
				TARGETED_DEVICE_FAMILY = "1,2";
			};
			name = Debug;
		};
		8DFA2EC6208106AB003483B4 /* Release */ = {
			isa = XCBuildConfiguration;
			buildSettings = {
				ASSETCATALOG_COMPILER_APPICON_NAME = AppIcon;
				CODE_SIGN_STYLE = Automatic;
				INFOPLIST_FILE = WeatherPics/Info.plist;
				LD_RUNPATH_SEARCH_PATHS = (
					"$(inherited)",
					"@executable_path/Frameworks",
				);
				PRODUCT_BUNDLE_IDENTIFIER = edu.rosehulman.castonkr.WeatherPics;
				PRODUCT_NAME = "$(TARGET_NAME)";
				SWIFT_VERSION = 4.0;
				TARGETED_DEVICE_FAMILY = "1,2";
			};
			name = Release;
		};
/* End XCBuildConfiguration section */

/* Begin XCConfigurationList section */
		8DFA2EA8208106A8003483B4 /* Build configuration list for PBXProject "WeatherPics" */ = {
			isa = XCConfigurationList;
			buildConfigurations = (
				8DFA2EC2208106AB003483B4 /* Debug */,
				8DFA2EC3208106AB003483B4 /* Release */,
			);
			defaultConfigurationIsVisible = 0;
			defaultConfigurationName = Release;
		};
		8DFA2EC4208106AB003483B4 /* Build configuration list for PBXNativeTarget "WeatherPics" */ = {
			isa = XCConfigurationList;
			buildConfigurations = (
				8DFA2EC5208106AB003483B4 /* Debug */,
				8DFA2EC6208106AB003483B4 /* Release */,
			);
			defaultConfigurationIsVisible = 0;
			defaultConfigurationName = Release;
		};
/* End XCConfigurationList section */

/* Begin XCVersionGroup section */
		8DFA2EB2208106A8003483B4 /* WeatherPics.xcdatamodeld */ = {
			isa = XCVersionGroup;
			children = (
				8DFA2EB3208106A8003483B4 /* WeatherPics.xcdatamodel */,
			);
			currentVersion = 8DFA2EB3208106A8003483B4 /* WeatherPics.xcdatamodel */;
			path = WeatherPics.xcdatamodeld;
			sourceTree = "<group>";
			versionGroupType = wrapper.xcdatamodel;
		};
/* End XCVersionGroup section */
	};
	rootObject = 8DFA2EA5208106A8003483B4 /* Project object */;
}
